
Microsoft Visual Studio Solution File, Format Version 12.00
# Visual Studio Version 17
VisualStudioVersion = 17.0.31903.59
MinimumVisualStudioVersion = 10.0.40219.1
Project("{9A19103F-16F7-4668-BE54-9A1E7A4F7556}") = "FactoryOps.Api", "FactoryOps.Api\FactoryOps.Api.csproj", "{62FBDE97-819D-4C00-B3B2-CB707C6F5507}"
EndProject
Project("{9A19103F-16F7-4668-BE54-9A1E7A4F7556}") = "FactoryOps.Domain", "FactoryOps.Domain\FactoryOps.Domain.csproj", "{EBE1C056-8064-4DC7-8594-BB640530C2D6}"
EndProject
Global
	GlobalSection(SolutionConfigurationPlatforms) = preSolution
		Debug|Any CPU = Debug|Any CPU
		Release|Any CPU = Release|Any CPU
	EndGlobalSection
	GlobalSection(ProjectConfigurationPlatforms) = postSolution
		{62FBDE97-819D-4C00-B3B2-CB707C6F5507}.Debug|Any CPU.ActiveCfg = Debug|Any CPU
		{62FBDE97-819D-4C00-B3B2-CB707C6F5507}.Debug|Any CPU.Build.0 = Debug|Any CPU
		{62FBDE97-819D-4C00-B3B2-CB707C6F5507}.Release|Any CPU.ActiveCfg = Release|Any CPU
		{62FBDE97-819D-4C00-B3B2-CB707C6F5507}.Release|Any CPU.Build.0 = Release|Any CPU
		{EBE1C056-8064-4DC7-8594-BB640530C2D6}.Debug|Any CPU.ActiveCfg = Debug|Any CPU
		{EBE1C056-8064-4DC7-8594-BB640530C2D6}.Debug|Any CPU.Build.0 = Debug|Any CPU
		{EBE1C056-8064-4DC7-8594-BB640530C2D6}.Release|Any CPU.ActiveCfg = Release|Any CPU
		{EBE1C056-8064-4DC7-8594-BB640530C2D6}.Release|Any CPU.Build.0 = Release|Any CPU
	EndGlobalSection
	GlobalSection(SolutionProperties) = preSolution
		HideSolutionNode = FALSE
	EndGlobalSection
	GlobalSection(ExtensibilityGlobals) = postSolution
		SolutionGuid = {130D8A41-6816-4D05-AD63-E04E71DACFA0}
	EndGlobalSection
EndGlobal
